
Microsoft Visual Studio Solution File, Format Version 12.00
# Visual Studio 2013
VisualStudioVersion = 12.0.21005.1
MinimumVisualStudioVersion = 10.0.40219.1
Project("{FAE04EC0-301F-11D3-BF4B-00C04F79EFBC}") = "AngularJS.Model", "AngularJS.Model\AngularJS.Model.csproj", "{22E4FF87-88A2-4854-B8D3-CC7A90A2B49C}"
EndProject
Project("{FAE04EC0-301F-11D3-BF4B-00C04F79EFBC}") = "Angular.Data-Binding", "Angular.Data-Binding\Angular.Data-Binding.csproj", "{6278C27E-D023-448F-90FF-4F3E6FE0E508}"
EndProject
Project("{FAE04EC0-301F-11D3-BF4B-00C04F79EFBC}") = "AngularJS.Controllers", "AngularJS.Controllers\AngularJS.Controllers.csproj", "{DFC90B58-BBA5-49FC-B980-20C48B020142}"
EndProject
Project("{FAE04EC0-301F-11D3-BF4B-00C04F79EFBC}") = "AngularJS.Scope", "AngularJS.Scope\AngularJS.Scope.csproj", "{D539DA65-305B-4625-B7BB-F27C7F2628B1}"
EndProject
Global
	GlobalSection(SolutionConfigurationPlatforms) = preSolution
		Debug|Any CPU = Debug|Any CPU
		Release|Any CPU = Release|Any CPU
	EndGlobalSection
	GlobalSection(ProjectConfigurationPlatforms) = postSolution
		{22E4FF87-88A2-4854-B8D3-CC7A90A2B49C}.Debug|Any CPU.ActiveCfg = Debug|Any CPU
		{22E4FF87-88A2-4854-B8D3-CC7A90A2B49C}.Debug|Any CPU.Build.0 = Debug|Any CPU
		{22E4FF87-88A2-4854-B8D3-CC7A90A2B49C}.Release|Any CPU.ActiveCfg = Release|Any CPU
		{22E4FF87-88A2-4854-B8D3-CC7A90A2B49C}.Release|Any CPU.Build.0 = Release|Any CPU
		{6278C27E-D023-448F-90FF-4F3E6FE0E508}.Debug|Any CPU.ActiveCfg = Debug|Any CPU
		{6278C27E-D023-448F-90FF-4F3E6FE0E508}.Debug|Any CPU.Build.0 = Debug|Any CPU
		{6278C27E-D023-448F-90FF-4F3E6FE0E508}.Release|Any CPU.ActiveCfg = Release|Any CPU
		{6278C27E-D023-448F-90FF-4F3E6FE0E508}.Release|Any CPU.Build.0 = Release|Any CPU
		{DFC90B58-BBA5-49FC-B980-20C48B020142}.Debug|Any CPU.ActiveCfg = Debug|Any CPU
		{DFC90B58-BBA5-49FC-B980-20C48B020142}.Debug|Any CPU.Build.0 = Debug|Any CPU
		{DFC90B58-BBA5-49FC-B980-20C48B020142}.Release|Any CPU.ActiveCfg = Release|Any CPU
		{DFC90B58-BBA5-49FC-B980-20C48B020142}.Release|Any CPU.Build.0 = Release|Any CPU
		{D539DA65-305B-4625-B7BB-F27C7F2628B1}.Debug|Any CPU.ActiveCfg = Debug|Any CPU
		{D539DA65-305B-4625-B7BB-F27C7F2628B1}.Debug|Any CPU.Build.0 = Debug|Any CPU
		{D539DA65-305B-4625-B7BB-F27C7F2628B1}.Release|Any CPU.ActiveCfg = Release|Any CPU
		{D539DA65-305B-4625-B7BB-F27C7F2628B1}.Release|Any CPU.Build.0 = Release|Any CPU
	EndGlobalSection
	GlobalSection(SolutionProperties) = preSolution
		HideSolutionNode = FALSE
	EndGlobalSection
EndGlobal
