
Microsoft Visual Studio Solution File, Format Version 12.00
# Visual Studio 2013
VisualStudioVersion = 12.0.21005.1
MinimumVisualStudioVersion = 10.0.40219.1
Project("{FAE04EC0-301F-11D3-BF4B-00C04F79EFBC}") = "AngularIntro", "AngularIntro\AngularIntro.csproj", "{0181045F-63D3-4696-8AF7-5C2D8441611A}"
EndProject
Project("{FAE04EC0-301F-11D3-BF4B-00C04F79EFBC}") = "Angular.Expressions", "Angular.Expressions\Angular.Expressions.csproj", "{A88DBCC0-4168-4D11-8372-BC36E5451C2C}"
EndProject
Project("{FAE04EC0-301F-11D3-BF4B-00C04F79EFBC}") = "AngularJS.Modules", "AngularJS.Modules\AngularJS.Modules.csproj", "{204C480F-A7BE-4D08-9174-0721F54CDD29}"
EndProject
Global
	GlobalSection(SolutionConfigurationPlatforms) = preSolution
		Debug|Any CPU = Debug|Any CPU
		Release|Any CPU = Release|Any CPU
	EndGlobalSection
	GlobalSection(ProjectConfigurationPlatforms) = postSolution
		{0181045F-63D3-4696-8AF7-5C2D8441611A}.Debug|Any CPU.ActiveCfg = Debug|Any CPU
		{0181045F-63D3-4696-8AF7-5C2D8441611A}.Debug|Any CPU.Build.0 = Debug|Any CPU
		{0181045F-63D3-4696-8AF7-5C2D8441611A}.Release|Any CPU.ActiveCfg = Release|Any CPU
		{0181045F-63D3-4696-8AF7-5C2D8441611A}.Release|Any CPU.Build.0 = Release|Any CPU
		{A88DBCC0-4168-4D11-8372-BC36E5451C2C}.Debug|Any CPU.ActiveCfg = Debug|Any CPU
		{A88DBCC0-4168-4D11-8372-BC36E5451C2C}.Debug|Any CPU.Build.0 = Debug|Any CPU
		{A88DBCC0-4168-4D11-8372-BC36E5451C2C}.Release|Any CPU.ActiveCfg = Release|Any CPU
		{A88DBCC0-4168-4D11-8372-BC36E5451C2C}.Release|Any CPU.Build.0 = Release|Any CPU
		{204C480F-A7BE-4D08-9174-0721F54CDD29}.Debug|Any CPU.ActiveCfg = Debug|Any CPU
		{204C480F-A7BE-4D08-9174-0721F54CDD29}.Debug|Any CPU.Build.0 = Debug|Any CPU
		{204C480F-A7BE-4D08-9174-0721F54CDD29}.Release|Any CPU.ActiveCfg = Release|Any CPU
		{204C480F-A7BE-4D08-9174-0721F54CDD29}.Release|Any CPU.Build.0 = Release|Any CPU
	EndGlobalSection
	GlobalSection(SolutionProperties) = preSolution
		HideSolutionNode = FALSE
	EndGlobalSection
EndGlobal
